
Microsoft Visual Studio Solution File, Format Version 12.00
# Visual Studio Version 16
VisualStudioVersion = 16.0.31424.327
MinimumVisualStudioVersion = 10.0.40219.1
Project("{FAE04EC0-301F-11D3-BF4B-00C04F79EFBC}") = "ToDoApp", "ToDoApp\ToDoApp.csproj", "{4E89F6AE-BA7C-4F8E-8068-FDC9F1B8A69C}"
EndProject
Global
	GlobalSection(SolutionConfigurationPlatforms) = preSolution
		Debug|Any CPU = Debug|Any CPU
		Release|Any CPU = Release|Any CPU
	EndGlobalSection
	GlobalSection(ProjectConfigurationPlatforms) = postSolution
		{4E89F6AE-BA7C-4F8E-8068-FDC9F1B8A69C}.Debug|Any CPU.ActiveCfg = Debug|Any CPU
		{4E89F6AE-BA7C-4F8E-8068-FDC9F1B8A69C}.Debug|Any CPU.Build.0 = Debug|Any CPU
		{4E89F6AE-BA7C-4F8E-8068-FDC9F1B8A69C}.Release|Any CPU.ActiveCfg = Release|Any CPU
		{4E89F6AE-BA7C-4F8E-8068-FDC9F1B8A69C}.Release|Any CPU.Build.0 = Release|Any CPU
	EndGlobalSection
	GlobalSection(SolutionProperties) = preSolution
		HideSolutionNode = FALSE
	EndGlobalSection
	GlobalSection(ExtensibilityGlobals) = postSolution
		SolutionGuid = {363617A6-8C4C-4D44-9405-47F1150271D3}
	EndGlobalSection
EndGlobal
